
Microsoft Visual Studio Solution File, Format Version 12.00
# Visual Studio Version 17
VisualStudioVersion = 17.4.33205.214
MinimumVisualStudioVersion = 10.0.40219.1
Project("{9A19103F-16F7-4668-BE54-9A1E7A4F7556}") = "UnitTests", "UnitTests\UnitTests.csproj", "{3AB1762E-0444-4680-8FD8-F55F51DDD3B9}"
EndProject
Project("{9A19103F-16F7-4668-BE54-9A1E7A4F7556}") = "WebAPI", "WebAPI\WebAPI.csproj", "{52841285-F51E-4285-8998-07DBA6A5699D}"
EndProject
Project("{9A19103F-16F7-4668-BE54-9A1E7A4F7556}") = "SermTreeCore", "SermTree\SermTreeCore.csproj", "{E453927E-86C9-4A78-AC4A-56872FBF2D59}"
EndProject
Global
	GlobalSection(SolutionConfigurationPlatforms) = preSolution
		Debug|Any CPU = Debug|Any CPU
		Release|Any CPU = Release|Any CPU
	EndGlobalSection
	GlobalSection(ProjectConfigurationPlatforms) = postSolution
		{3AB1762E-0444-4680-8FD8-F55F51DDD3B9}.Debug|Any CPU.ActiveCfg = Debug|Any CPU
		{3AB1762E-0444-4680-8FD8-F55F51DDD3B9}.Debug|Any CPU.Build.0 = Debug|Any CPU
		{3AB1762E-0444-4680-8FD8-F55F51DDD3B9}.Release|Any CPU.ActiveCfg = Release|Any CPU
		{3AB1762E-0444-4680-8FD8-F55F51DDD3B9}.Release|Any CPU.Build.0 = Release|Any CPU
		{52841285-F51E-4285-8998-07DBA6A5699D}.Debug|Any CPU.ActiveCfg = Debug|Any CPU
		{52841285-F51E-4285-8998-07DBA6A5699D}.Debug|Any CPU.Build.0 = Debug|Any CPU
		{52841285-F51E-4285-8998-07DBA6A5699D}.Release|Any CPU.ActiveCfg = Release|Any CPU
		{52841285-F51E-4285-8998-07DBA6A5699D}.Release|Any CPU.Build.0 = Release|Any CPU
		{E453927E-86C9-4A78-AC4A-56872FBF2D59}.Debug|Any CPU.ActiveCfg = Debug|Any CPU
		{E453927E-86C9-4A78-AC4A-56872FBF2D59}.Debug|Any CPU.Build.0 = Debug|Any CPU
		{E453927E-86C9-4A78-AC4A-56872FBF2D59}.Release|Any CPU.ActiveCfg = Release|Any CPU
		{E453927E-86C9-4A78-AC4A-56872FBF2D59}.Release|Any CPU.Build.0 = Release|Any CPU
	EndGlobalSection
	GlobalSection(SolutionProperties) = preSolution
		HideSolutionNode = FALSE
	EndGlobalSection
	GlobalSection(ExtensibilityGlobals) = postSolution
		SolutionGuid = {8441BD9E-9540-4C44-A881-05CE207FA038}
	EndGlobalSection
EndGlobal
